
Microsoft Visual Studio Solution File, Format Version 12.00
# Visual Studio Version 17
VisualStudioVersion = 17.8.34330.188
MinimumVisualStudioVersion = 10.0.40219.1
Project("{9A19103F-16F7-4668-BE54-9A1E7A4F7556}") = "back-end", "back-end\back-end.csproj", "{1E953E11-53EA-4759-912A-97AF05B545CA}"
EndProject
Project("{2150E333-8FDC-42A3-9474-1A3956D46DE8}") = "Application", "Application", "{90E6EB27-4677-4A03-B5C2-D339A2C4E293}"
EndProject
Project("{2150E333-8FDC-42A3-9474-1A3956D46DE8}") = "Data", "Data", "{C9F34425-7296-4A00-AAEC-CBC9422545B2}"
EndProject
Project("{2150E333-8FDC-42A3-9474-1A3956D46DE8}") = "Business", "Business", "{F63B64DE-2440-453D-8052-44E9B1DD8F3C}"
EndProject
Project("{2150E333-8FDC-42A3-9474-1A3956D46DE8}") = "Ioc", "Ioc", "{FC9DCCF1-4DB7-4258-B282-A13EEFC8A562}"
EndProject
Project("{2150E333-8FDC-42A3-9474-1A3956D46DE8}") = "Test", "Test", "{7F19C264-4802-4DD3-9A3D-F48F3E15F247}"
EndProject
Project("{9A19103F-16F7-4668-BE54-9A1E7A4F7556}") = "Repository", "Data\Repository\Repository.csproj", "{8DE275FA-3C7A-4501-B7E2-1B0B0231903C}"
EndProject
Project("{9A19103F-16F7-4668-BE54-9A1E7A4F7556}") = "Repository.Interface", "Data\Repository.Interface\Repository.Interface.csproj", "{89182CDB-42C0-4764-9BB7-538A92ADDFD0}"
EndProject
Project("{9A19103F-16F7-4668-BE54-9A1E7A4F7556}") = "Entity", "Data\Entity\Entity.csproj", "{3E12BE4A-B950-41B2-BCFA-3BE564C0DDBF}"
EndProject
Project("{9A19103F-16F7-4668-BE54-9A1E7A4F7556}") = "Context", "Data\Context\Context.csproj", "{B512F082-988A-46C2-9AEA-D556DF646405}"
EndProject
Project("{9A19103F-16F7-4668-BE54-9A1E7A4F7556}") = "Context.Interface", "Data\Context.Interface\Context.Interface.csproj", "{F2A0A405-2AAA-4249-B809-510E25182AD9}"
EndProject
Project("{9A19103F-16F7-4668-BE54-9A1E7A4F7556}") = "Mapper", "Business\Mapper\Mapper.csproj", "{F3D4A283-70A2-48F5-9B4E-1BACB6EA3086}"
EndProject
Project("{9A19103F-16F7-4668-BE54-9A1E7A4F7556}") = "Model", "Business\Model\Model.csproj", "{F62F17DE-B55E-4B96-B04E-616E7C880886}"
EndProject
Project("{9A19103F-16F7-4668-BE54-9A1E7A4F7556}") = "Service.Interface", "Business\Service.Interface\Service.Interface.csproj", "{93BCD872-7A66-41F8-8BA9-5A1500AA22AA}"
EndProject
Project("{9A19103F-16F7-4668-BE54-9A1E7A4F7556}") = "Ioc.Api", "Ioc\Ioc.Api\Ioc.Api.csproj", "{DF32DD41-FBFD-4867-A41C-22646E998D97}"
EndProject
Project("{9A19103F-16F7-4668-BE54-9A1E7A4F7556}") = "Ioc.Test", "Ioc\Ioc.Test\Ioc.Test.csproj", "{03AEB040-B28A-464E-A770-5926A58900FB}"
EndProject
Project("{9A19103F-16F7-4668-BE54-9A1E7A4F7556}") = "Test.Common", "Test\Test.Common\Test.Common.csproj", "{BFAB186B-1827-4128-8C5D-115F2B24A262}"
EndProject
Project("{9A19103F-16F7-4668-BE54-9A1E7A4F7556}") = "Service", "Business\Service\Service.csproj", "{491B41B2-00B7-4879-A40D-E8A7BC1886D2}"
EndProject
Project("{9A19103F-16F7-4668-BE54-9A1E7A4F7556}") = "Test.Integration", "Test\Test.Integration\Test.Integration.csproj", "{FA4BF207-E484-4E5C-B276-C12D6DB07164}"
EndProject
Project("{FAE04EC0-301F-11D3-BF4B-00C04F79EFBC}") = "Test.Unitaire", "Test\Test.Unitaire\Test.Unitaire.csproj", "{87C05A84-8A69-47BB-BEB5-C2C6D308FC12}"
EndProject
Global
	GlobalSection(SolutionConfigurationPlatforms) = preSolution
		Debug|Any CPU = Debug|Any CPU
		Release|Any CPU = Release|Any CPU
	EndGlobalSection
	GlobalSection(ProjectConfigurationPlatforms) = postSolution
		{1E953E11-53EA-4759-912A-97AF05B545CA}.Debug|Any CPU.ActiveCfg = Debug|Any CPU
		{1E953E11-53EA-4759-912A-97AF05B545CA}.Debug|Any CPU.Build.0 = Debug|Any CPU
		{1E953E11-53EA-4759-912A-97AF05B545CA}.Release|Any CPU.ActiveCfg = Release|Any CPU
		{1E953E11-53EA-4759-912A-97AF05B545CA}.Release|Any CPU.Build.0 = Release|Any CPU
		{8DE275FA-3C7A-4501-B7E2-1B0B0231903C}.Debug|Any CPU.ActiveCfg = Debug|Any CPU
		{8DE275FA-3C7A-4501-B7E2-1B0B0231903C}.Debug|Any CPU.Build.0 = Debug|Any CPU
		{8DE275FA-3C7A-4501-B7E2-1B0B0231903C}.Release|Any CPU.ActiveCfg = Release|Any CPU
		{8DE275FA-3C7A-4501-B7E2-1B0B0231903C}.Release|Any CPU.Build.0 = Release|Any CPU
		{89182CDB-42C0-4764-9BB7-538A92ADDFD0}.Debug|Any CPU.ActiveCfg = Debug|Any CPU
		{89182CDB-42C0-4764-9BB7-538A92ADDFD0}.Debug|Any CPU.Build.0 = Debug|Any CPU
		{89182CDB-42C0-4764-9BB7-538A92ADDFD0}.Release|Any CPU.ActiveCfg = Release|Any CPU
		{89182CDB-42C0-4764-9BB7-538A92ADDFD0}.Release|Any CPU.Build.0 = Release|Any CPU
		{3E12BE4A-B950-41B2-BCFA-3BE564C0DDBF}.Debug|Any CPU.ActiveCfg = Debug|Any CPU
		{3E12BE4A-B950-41B2-BCFA-3BE564C0DDBF}.Debug|Any CPU.Build.0 = Debug|Any CPU
		{3E12BE4A-B950-41B2-BCFA-3BE564C0DDBF}.Release|Any CPU.ActiveCfg = Release|Any CPU
		{3E12BE4A-B950-41B2-BCFA-3BE564C0DDBF}.Release|Any CPU.Build.0 = Release|Any CPU
		{B512F082-988A-46C2-9AEA-D556DF646405}.Debug|Any CPU.ActiveCfg = Debug|Any CPU
		{B512F082-988A-46C2-9AEA-D556DF646405}.Debug|Any CPU.Build.0 = Debug|Any CPU
		{B512F082-988A-46C2-9AEA-D556DF646405}.Release|Any CPU.ActiveCfg = Release|Any CPU
		{B512F082-988A-46C2-9AEA-D556DF646405}.Release|Any CPU.Build.0 = Release|Any CPU
		{F2A0A405-2AAA-4249-B809-510E25182AD9}.Debug|Any CPU.ActiveCfg = Debug|Any CPU
		{F2A0A405-2AAA-4249-B809-510E25182AD9}.Debug|Any CPU.Build.0 = Debug|Any CPU
		{F2A0A405-2AAA-4249-B809-510E25182AD9}.Release|Any CPU.ActiveCfg = Release|Any CPU
		{F2A0A405-2AAA-4249-B809-510E25182AD9}.Release|Any CPU.Build.0 = Release|Any CPU
		{F3D4A283-70A2-48F5-9B4E-1BACB6EA3086}.Debug|Any CPU.ActiveCfg = Debug|Any CPU
		{F3D4A283-70A2-48F5-9B4E-1BACB6EA3086}.Debug|Any CPU.Build.0 = Debug|Any CPU
		{F3D4A283-70A2-48F5-9B4E-1BACB6EA3086}.Release|Any CPU.ActiveCfg = Release|Any CPU
		{F3D4A283-70A2-48F5-9B4E-1BACB6EA3086}.Release|Any CPU.Build.0 = Release|Any CPU
		{F62F17DE-B55E-4B96-B04E-616E7C880886}.Debug|Any CPU.ActiveCfg = Debug|Any CPU
		{F62F17DE-B55E-4B96-B04E-616E7C880886}.Debug|Any CPU.Build.0 = Debug|Any CPU
		{F62F17DE-B55E-4B96-B04E-616E7C880886}.Release|Any CPU.ActiveCfg = Release|Any CPU
		{F62F17DE-B55E-4B96-B04E-616E7C880886}.Release|Any CPU.Build.0 = Release|Any CPU
		{93BCD872-7A66-41F8-8BA9-5A1500AA22AA}.Debug|Any CPU.ActiveCfg = Debug|Any CPU
		{93BCD872-7A66-41F8-8BA9-5A1500AA22AA}.Debug|Any CPU.Build.0 = Debug|Any CPU
		{93BCD872-7A66-41F8-8BA9-5A1500AA22AA}.Release|Any CPU.ActiveCfg = Release|Any CPU
		{93BCD872-7A66-41F8-8BA9-5A1500AA22AA}.Release|Any CPU.Build.0 = Release|Any CPU
		{DF32DD41-FBFD-4867-A41C-22646E998D97}.Debug|Any CPU.ActiveCfg = Debug|Any CPU
		{DF32DD41-FBFD-4867-A41C-22646E998D97}.Debug|Any CPU.Build.0 = Debug|Any CPU
		{DF32DD41-FBFD-4867-A41C-22646E998D97}.Release|Any CPU.ActiveCfg = Release|Any CPU
		{DF32DD41-FBFD-4867-A41C-22646E998D97}.Release|Any CPU.Build.0 = Release|Any CPU
		{03AEB040-B28A-464E-A770-5926A58900FB}.Debug|Any CPU.ActiveCfg = Debug|Any CPU
		{03AEB040-B28A-464E-A770-5926A58900FB}.Debug|Any CPU.Build.0 = Debug|Any CPU
		{03AEB040-B28A-464E-A770-5926A58900FB}.Release|Any CPU.ActiveCfg = Release|Any CPU
		{03AEB040-B28A-464E-A770-5926A58900FB}.Release|Any CPU.Build.0 = Release|Any CPU
		{BFAB186B-1827-4128-8C5D-115F2B24A262}.Debug|Any CPU.ActiveCfg = Debug|Any CPU
		{BFAB186B-1827-4128-8C5D-115F2B24A262}.Debug|Any CPU.Build.0 = Debug|Any CPU
		{BFAB186B-1827-4128-8C5D-115F2B24A262}.Release|Any CPU.ActiveCfg = Release|Any CPU
		{BFAB186B-1827-4128-8C5D-115F2B24A262}.Release|Any CPU.Build.0 = Release|Any CPU
		{491B41B2-00B7-4879-A40D-E8A7BC1886D2}.Debug|Any CPU.ActiveCfg = Debug|Any CPU
		{491B41B2-00B7-4879-A40D-E8A7BC1886D2}.Debug|Any CPU.Build.0 = Debug|Any CPU
		{491B41B2-00B7-4879-A40D-E8A7BC1886D2}.Release|Any CPU.ActiveCfg = Release|Any CPU
		{491B41B2-00B7-4879-A40D-E8A7BC1886D2}.Release|Any CPU.Build.0 = Release|Any CPU
		{FA4BF207-E484-4E5C-B276-C12D6DB07164}.Debug|Any CPU.ActiveCfg = Debug|Any CPU
		{FA4BF207-E484-4E5C-B276-C12D6DB07164}.Debug|Any CPU.Build.0 = Debug|Any CPU
		{FA4BF207-E484-4E5C-B276-C12D6DB07164}.Release|Any CPU.ActiveCfg = Release|Any CPU
		{FA4BF207-E484-4E5C-B276-C12D6DB07164}.Release|Any CPU.Build.0 = Release|Any CPU
		{87C05A84-8A69-47BB-BEB5-C2C6D308FC12}.Debug|Any CPU.ActiveCfg = Debug|Any CPU
		{87C05A84-8A69-47BB-BEB5-C2C6D308FC12}.Debug|Any CPU.Build.0 = Debug|Any CPU
		{87C05A84-8A69-47BB-BEB5-C2C6D308FC12}.Release|Any CPU.ActiveCfg = Release|Any CPU
		{87C05A84-8A69-47BB-BEB5-C2C6D308FC12}.Release|Any CPU.Build.0 = Release|Any CPU
	EndGlobalSection
	GlobalSection(SolutionProperties) = preSolution
		HideSolutionNode = FALSE
	EndGlobalSection
	GlobalSection(NestedProjects) = preSolution
		{1E953E11-53EA-4759-912A-97AF05B545CA} = {90E6EB27-4677-4A03-B5C2-D339A2C4E293}
		{8DE275FA-3C7A-4501-B7E2-1B0B0231903C} = {C9F34425-7296-4A00-AAEC-CBC9422545B2}
		{89182CDB-42C0-4764-9BB7-538A92ADDFD0} = {C9F34425-7296-4A00-AAEC-CBC9422545B2}
		{3E12BE4A-B950-41B2-BCFA-3BE564C0DDBF} = {C9F34425-7296-4A00-AAEC-CBC9422545B2}
		{B512F082-988A-46C2-9AEA-D556DF646405} = {C9F34425-7296-4A00-AAEC-CBC9422545B2}
		{F2A0A405-2AAA-4249-B809-510E25182AD9} = {C9F34425-7296-4A00-AAEC-CBC9422545B2}
		{F3D4A283-70A2-48F5-9B4E-1BACB6EA3086} = {F63B64DE-2440-453D-8052-44E9B1DD8F3C}
		{F62F17DE-B55E-4B96-B04E-616E7C880886} = {F63B64DE-2440-453D-8052-44E9B1DD8F3C}
		{93BCD872-7A66-41F8-8BA9-5A1500AA22AA} = {F63B64DE-2440-453D-8052-44E9B1DD8F3C}
		{DF32DD41-FBFD-4867-A41C-22646E998D97} = {FC9DCCF1-4DB7-4258-B282-A13EEFC8A562}
		{03AEB040-B28A-464E-A770-5926A58900FB} = {FC9DCCF1-4DB7-4258-B282-A13EEFC8A562}
		{BFAB186B-1827-4128-8C5D-115F2B24A262} = {7F19C264-4802-4DD3-9A3D-F48F3E15F247}
		{491B41B2-00B7-4879-A40D-E8A7BC1886D2} = {F63B64DE-2440-453D-8052-44E9B1DD8F3C}
		{FA4BF207-E484-4E5C-B276-C12D6DB07164} = {7F19C264-4802-4DD3-9A3D-F48F3E15F247}
		{87C05A84-8A69-47BB-BEB5-C2C6D308FC12} = {7F19C264-4802-4DD3-9A3D-F48F3E15F247}
	EndGlobalSection
	GlobalSection(ExtensibilityGlobals) = postSolution
		SolutionGuid = {B18DA96F-E285-4A36-846A-0AA51F0BA1F8}
	EndGlobalSection
EndGlobal
